// !$*UTF8*$!
{
	archiveVersion = 1;
	classes = {
	};
	objectVersion = 77;
	objects = {

/* Begin PBXBuildFile section */
		F3D6A6BB2D99F5BD000DADB3 /* RealityKitContent in Frameworks */ = {isa = PBXBuildFile; productRef = F3D6A6BA2D99F5BD000DADB3 /* RealityKitContent */; };
/* End PBXBuildFile section */

/* Begin PBXContainerItemProxy section */
		F3D6A6D12D99F5BE000DADB3 /* PBXContainerItemProxy */ = {
			isa = PBXContainerItemProxy;
			containerPortal = F3D6A6AD2D99F5BD000DADB3 /* Project object */;
			proxyType = 1;
			remoteGlobalIDString = F3D6A6B42D99F5BD000DADB3;
			remoteInfo = eigentest;
		};
/* End PBXContainerItemProxy section */

/* Begin PBXFileReference section */
		F3D6A6B52D99F5BD000DADB3 /* eigentest.app */ = {isa = PBXFileReference; explicitFileType = wrapper.application; includeInIndex = 0; path = eigentest.app; sourceTree = BUILT_PRODUCTS_DIR; };
		F3D6A6B92D99F5BD000DADB3 /* RealityKitContent */ = {isa = PBXFileReference; lastKnownFileType = wrapper; path = RealityKitContent; sourceTree = "<group>"; };
		F3D6A6D02D99F5BE000DADB3 /* eigentestTests.xctest */ = {isa = PBXFileReference; explicitFileType = wrapper.cfbundle; includeInIndex = 0; path = eigentestTests.xctest; sourceTree = BUILT_PRODUCTS_DIR; };
/* End PBXFileReference section */

/* Begin PBXFileSystemSynchronizedBuildFileExceptionSet section */
		F3D6A6D62D99F5BE000DADB3 /* Exceptions for "eigentest" folder in "eigentest" target */ = {
			isa = PBXFileSystemSynchronizedBuildFileExceptionSet;
			membershipExceptions = (
				Info.plist,
			);
			target = F3D6A6B42D99F5BD000DADB3 /* eigentest */;
		};
/* End PBXFileSystemSynchronizedBuildFileExceptionSet section */

/* Begin PBXFileSystemSynchronizedGroupBuildPhaseMembershipExceptionSet section */
		F3D6B3102D99F7C6000DADB3 /* Exceptions for "eigentest" folder in "Compile Sources" phase from "eigentest" target */ = {
			isa = PBXFileSystemSynchronizedGroupBuildPhaseMembershipExceptionSet;
			buildPhase = F3D6A6B12D99F5BD000DADB3 /* Sources */;
			membershipExceptions = (
				"eigentest-Bridging-Header.h",
				MyEigenWrapper.h,
			);
		};
/* End PBXFileSystemSynchronizedGroupBuildPhaseMembershipExceptionSet section */

/* Begin PBXFileSystemSynchronizedRootGroup section */
		F3D6A6B72D99F5BD000DADB3 /* eigentest */ = {
			isa = PBXFileSystemSynchronizedRootGroup;
			exceptions = (
				F3D6A6D62D99F5BE000DADB3 /* Exceptions for "eigentest" folder in "eigentest" target */,
				F3D6B3102D99F7C6000DADB3 /* Exceptions for "eigentest" folder in "Compile Sources" phase from "eigentest" target */,
			);
			path = eigentest;
			sourceTree = "<group>";
		};
		F3D6A6D32D99F5BE000DADB3 /* eigentestTests */ = {
			isa = PBXFileSystemSynchronizedRootGroup;
			path = eigentestTests;
			sourceTree = "<group>";
		};
/* End PBXFileSystemSynchronizedRootGroup section */

/* Begin PBXFrameworksBuildPhase section */
		F3D6A6B22D99F5BD000DADB3 /* Frameworks */ = {
			isa = PBXFrameworksBuildPhase;
			buildActionMask = 2147483647;
			files = (
				F3D6A6BB2D99F5BD000DADB3 /* RealityKitContent in Frameworks */,
			);
			runOnlyForDeploymentPostprocessing = 0;
		};
		F3D6A6CD2D99F5BE000DADB3 /* Frameworks */ = {
			isa = PBXFrameworksBuildPhase;
			buildActionMask = 2147483647;
			files = (
			);
			runOnlyForDeploymentPostprocessing = 0;
		};
/* End PBXFrameworksBuildPhase section */

/* Begin PBXGroup section */
		F3D6A6AC2D99F5BD000DADB3 = {
			isa = PBXGroup;
			children = (
				F3D6A6B72D99F5BD000DADB3 /* eigentest */,
				F3D6A6B82D99F5BD000DADB3 /* Packages */,
				F3D6A6D32D99F5BE000DADB3 /* eigentestTests */,
				F3D6A6B62D99F5BD000DADB3 /* Products */,
			);
			sourceTree = "<group>";
		};
		F3D6A6B62D99F5BD000DADB3 /* Products */ = {
			isa = PBXGroup;
			children = (
				F3D6A6B52D99F5BD000DADB3 /* eigentest.app */,
				F3D6A6D02D99F5BE000DADB3 /* eigentestTests.xctest */,
			);
			name = Products;
			sourceTree = "<group>";
		};
		F3D6A6B82D99F5BD000DADB3 /* Packages */ = {
			isa = PBXGroup;
			children = (
				F3D6A6B92D99F5BD000DADB3 /* RealityKitContent */,
			);
			path = Packages;
			sourceTree = "<group>";
		};
/* End PBXGroup section */

/* Begin PBXNativeTarget section */
		F3D6A6B42D99F5BD000DADB3 /* eigentest */ = {
			isa = PBXNativeTarget;
			buildConfigurationList = F3D6A6D72D99F5BE000DADB3 /* Build configuration list for PBXNativeTarget "eigentest" */;
			buildPhases = (
				F3D6A6B12D99F5BD000DADB3 /* Sources */,
				F3D6A6B22D99F5BD000DADB3 /* Frameworks */,
				F3D6A6B32D99F5BD000DADB3 /* Resources */,
			);
			buildRules = (
			);
			dependencies = (
			);
			fileSystemSynchronizedGroups = (
				F3D6A6B72D99F5BD000DADB3 /* eigentest */,
			);
			name = eigentest;
			packageProductDependencies = (
				F3D6A6BA2D99F5BD000DADB3 /* RealityKitContent */,
			);
			productName = eigentest;
			productReference = F3D6A6B52D99F5BD000DADB3 /* eigentest.app */;
			productType = "com.apple.product-type.application";
		};
		F3D6A6CF2D99F5BE000DADB3 /* eigentestTests */ = {
			isa = PBXNativeTarget;
			buildConfigurationList = F3D6A6DC2D99F5BE000DADB3 /* Build configuration list for PBXNativeTarget "eigentestTests" */;
			buildPhases = (
				F3D6A6CC2D99F5BE000DADB3 /* Sources */,
				F3D6A6CD2D99F5BE000DADB3 /* Frameworks */,
				F3D6A6CE2D99F5BE000DADB3 /* Resources */,
			);
			buildRules = (
			);
			dependencies = (
				F3D6A6D22D99F5BE000DADB3 /* PBXTargetDependency */,
			);
			fileSystemSynchronizedGroups = (
				F3D6A6D32D99F5BE000DADB3 /* eigentestTests */,
			);
			name = eigentestTests;
			packageProductDependencies = (
			);
			productName = eigentestTests;
			productReference = F3D6A6D02D99F5BE000DADB3 /* eigentestTests.xctest */;
			productType = "com.apple.product-type.bundle.unit-test";
		};
/* End PBXNativeTarget section */

/* Begin PBXProject section */
		F3D6A6AD2D99F5BD000DADB3 /* Project object */ = {
			isa = PBXProject;
			attributes = {
				BuildIndependentTargetsInParallel = 1;
				LastSwiftUpdateCheck = 1620;
				LastUpgradeCheck = 1620;
				TargetAttributes = {
					F3D6A6B42D99F5BD000DADB3 = {
						CreatedOnToolsVersion = 16.2;
					};
					F3D6A6CF2D99F5BE000DADB3 = {
						CreatedOnToolsVersion = 16.2;
						TestTargetID = F3D6A6B42D99F5BD000DADB3;
					};
				};
			};
			buildConfigurationList = F3D6A6B02D99F5BD000DADB3 /* Build configuration list for PBXProject "eigentest" */;
			developmentRegion = en;
			hasScannedForEncodings = 0;
			knownRegions = (
				en,
				Base,
			);
			mainGroup = F3D6A6AC2D99F5BD000DADB3;
			minimizedProjectReferenceProxies = 1;
			preferredProjectObjectVersion = 77;
			productRefGroup = F3D6A6B62D99F5BD000DADB3 /* Products */;
			projectDirPath = "";
			projectRoot = "";
			targets = (
				F3D6A6B42D99F5BD000DADB3 /* eigentest */,
				F3D6A6CF2D99F5BE000DADB3 /* eigentestTests */,
			);
		};
/* End PBXProject section */

/* Begin PBXResourcesBuildPhase section */
		F3D6A6B32D99F5BD000DADB3 /* Resources */ = {
			isa = PBXResourcesBuildPhase;
			buildActionMask = 2147483647;
			files = (
			);
			runOnlyForDeploymentPostprocessing = 0;
		};
		F3D6A6CE2D99F5BE000DADB3 /* Resources */ = {
			isa = PBXResourcesBuildPhase;
			buildActionMask = 2147483647;
			files = (
			);
			runOnlyForDeploymentPostprocessing = 0;
		};
/* End PBXResourcesBuildPhase section */

/* Begin PBXSourcesBuildPhase section */
		F3D6A6B12D99F5BD000DADB3 /* Sources */ = {
			isa = PBXSourcesBuildPhase;
			buildActionMask = 2147483647;
			files = (
			);
			runOnlyForDeploymentPostprocessing = 0;
		};
		F3D6A6CC2D99F5BE000DADB3 /* Sources */ = {
			isa = PBXSourcesBuildPhase;
			buildActionMask = 2147483647;
			files = (
			);
			runOnlyForDeploymentPostprocessing = 0;
		};
/* End PBXSourcesBuildPhase section */

/* Begin PBXTargetDependency section */
		F3D6A6D22D99F5BE000DADB3 /* PBXTargetDependency */ = {
			isa = PBXTargetDependency;
			target = F3D6A6B42D99F5BD000DADB3 /* eigentest */;
			targetProxy = F3D6A6D12D99F5BE000DADB3 /* PBXContainerItemProxy */;
		};
/* End PBXTargetDependency section */

/* Begin XCBuildConfiguration section */
		F3D6A6D82D99F5BE000DADB3 /* Debug */ = {
			isa = XCBuildConfiguration;
			buildSettings = {
				ASSETCATALOG_COMPILER_APPICON_NAME = AppIcon;
				ASSETCATALOG_COMPILER_GLOBAL_ACCENT_COLOR_NAME = AccentColor;
				CODE_SIGN_STYLE = Automatic;
				CURRENT_PROJECT_VERSION = 1;
				DEVELOPMENT_ASSET_PATHS = "\"eigentest/Preview Content\"";
				DEVELOPMENT_TEAM = J339788N6G;
				ENABLE_PREVIEWS = YES;
				GENERATE_INFOPLIST_FILE = YES;
				HEADER_SEARCH_PATHS = /opt/homebrew/include/eigen3;
				INFOPLIST_FILE = "$(TARGET_NAME)/Info.plist";
				LD_RUNPATH_SEARCH_PATHS = (
					"$(inherited)",
					"@executable_path/Frameworks",
				);
				MARKETING_VERSION = 1.0;
				PRODUCT_BUNDLE_IDENTIFIER = dima.eigentest;
				PRODUCT_NAME = "$(TARGET_NAME)";
				SUPPORTED_PLATFORMS = "xros xrsimulator";
				SWIFT_EMIT_LOC_STRINGS = YES;
				SWIFT_OBJC_BRIDGING_HEADER = "eigentest/eigentest-Bridging-Header.h";
				SWIFT_VERSION = 5.0;
				TARGETED_DEVICE_FAMILY = 7;
			};
			name = Debug;
		};
		F3D6A6D92D99F5BE000DADB3 /* Release */ = {
			isa = XCBuildConfiguration;
			buildSettings = {
				ASSETCATALOG_COMPILER_APPICON_NAME = AppIcon;
				ASSETCATALOG_COMPILER_GLOBAL_ACCENT_COLOR_NAME = AccentColor;
				CODE_SIGN_STYLE = Automatic;
				CURRENT_PROJECT_VERSION = 1;
				DEVELOPMENT_ASSET_PATHS = "\"eigentest/Preview Content\"";
				DEVELOPMENT_TEAM = J339788N6G;
				ENABLE_PREVIEWS = YES;
				GENERATE_INFOPLIST_FILE = YES;
				HEADER_SEARCH_PATHS = /opt/homebrew/include/eigen3;
				INFOPLIST_FILE = "$(TARGET_NAME)/Info.plist";
				LD_RUNPATH_SEARCH_PATHS = (
					"$(inherited)",
					"@executable_path/Frameworks",
				);
				MARKETING_VERSION = 1.0;
				PRODUCT_BUNDLE_IDENTIFIER = dima.eigentest;
				PRODUCT_NAME = "$(TARGET_NAME)";
				SUPPORTED_PLATFORMS = "xros xrsimulator";
				SWIFT_EMIT_LOC_STRINGS = YES;
				SWIFT_OBJC_BRIDGING_HEADER = "eigentest/eigentest-Bridging-Header.h";
				SWIFT_VERSION = 5.0;
				TARGETED_DEVICE_FAMILY = 7;
			};
			name = Release;
		};
		F3D6A6DA2D99F5BE000DADB3 /* Debug */ = {
			isa = XCBuildConfiguration;
			buildSettings = {
				ALWAYS_SEARCH_USER_PATHS = NO;
				ASSETCATALOG_COMPILER_GENERATE_SWIFT_ASSET_SYMBOL_EXTENSIONS = YES;
				CLANG_ANALYZER_NONNULL = YES;
				CLANG_ANALYZER_NUMBER_OBJECT_CONVERSION = YES_AGGRESSIVE;
				CLANG_CXX_LANGUAGE_STANDARD = "gnu++20";
				CLANG_ENABLE_MODULES = YES;
				CLANG_ENABLE_OBJC_ARC = YES;
				CLANG_ENABLE_OBJC_WEAK = YES;
				CLANG_WARN_BLOCK_CAPTURE_AUTORELEASING = YES;
				CLANG_WARN_BOOL_CONVERSION = YES;
				CLANG_WARN_COMMA = YES;
				CLANG_WARN_CONSTANT_CONVERSION = YES;
				CLANG_WARN_DEPRECATED_OBJC_IMPLEMENTATIONS = YES;
				CLANG_WARN_DIRECT_OBJC_ISA_USAGE = YES_ERROR;
				CLANG_WARN_DOCUMENTATION_COMMENTS = YES;
				CLANG_WARN_EMPTY_BODY = YES;
				CLANG_WARN_ENUM_CONVERSION = YES;
				CLANG_WARN_INFINITE_RECURSION = YES;
				CLANG_WARN_INT_CONVERSION = YES;
				CLANG_WARN_NON_LITERAL_NULL_CONVERSION = YES;
				CLANG_WARN_OBJC_IMPLICIT_RETAIN_SELF = YES;
				CLANG_WARN_OBJC_LITERAL_CONVERSION = YES;
				CLANG_WARN_OBJC_ROOT_CLASS = YES_ERROR;
				CLANG_WARN_QUOTED_INCLUDE_IN_FRAMEWORK_HEADER = YES;
				CLANG_WARN_RANGE_LOOP_ANALYSIS = YES;
				CLANG_WARN_STRICT_PROTOTYPES = YES;
				CLANG_WARN_SUSPICIOUS_MOVE = YES;
				CLANG_WARN_UNGUARDED_AVAILABILITY = YES_AGGRESSIVE;
				CLANG_WARN_UNREACHABLE_CODE = YES;
				CLANG_WARN__DUPLICATE_METHOD_MATCH = YES;
				COPY_PHASE_STRIP = NO;
				DEBUG_INFORMATION_FORMAT = dwarf;
				ENABLE_STRICT_OBJC_MSGSEND = YES;
				ENABLE_TESTABILITY = YES;
				ENABLE_USER_SCRIPT_SANDBOXING = YES;
				GCC_C_LANGUAGE_STANDARD = gnu17;
				GCC_DYNAMIC_NO_PIC = NO;
				GCC_NO_COMMON_BLOCKS = YES;
				GCC_OPTIMIZATION_LEVEL = 0;
				GCC_PREPROCESSOR_DEFINITIONS = (
					"DEBUG=1",
					"$(inherited)",
				);
				GCC_WARN_64_TO_32_BIT_CONVERSION = YES;
				GCC_WARN_ABOUT_RETURN_TYPE = YES_ERROR;
				GCC_WARN_UNDECLARED_SELECTOR = YES;
				GCC_WARN_UNINITIALIZED_AUTOS = YES_AGGRESSIVE;
				GCC_WARN_UNUSED_FUNCTION = YES;
				GCC_WARN_UNUSED_VARIABLE = YES;
				LOCALIZATION_PREFERS_STRING_CATALOGS = YES;
				MTL_ENABLE_DEBUG_INFO = INCLUDE_SOURCE;
				MTL_FAST_MATH = YES;
				ONLY_ACTIVE_ARCH = YES;
				SDKROOT = xros;
				SWIFT_ACTIVE_COMPILATION_CONDITIONS = "DEBUG $(inherited)";
				SWIFT_OPTIMIZATION_LEVEL = "-Onone";
				XROS_DEPLOYMENT_TARGET = 2.2;
			};
			name = Debug;
		};
		F3D6A6DB2D99F5BE000DADB3 /* Release */ = {
			isa = XCBuildConfiguration;
			buildSettings = {
				ALWAYS_SEARCH_USER_PATHS = NO;
				ASSETCATALOG_COMPILER_GENERATE_SWIFT_ASSET_SYMBOL_EXTENSIONS = YES;
				CLANG_ANALYZER_NONNULL = YES;
				CLANG_ANALYZER_NUMBER_OBJECT_CONVERSION = YES_AGGRESSIVE;
				CLANG_CXX_LANGUAGE_STANDARD = "gnu++20";
				CLANG_ENABLE_MODULES = YES;
				CLANG_ENABLE_OBJC_ARC = YES;
				CLANG_ENABLE_OBJC_WEAK = YES;
				CLANG_WARN_BLOCK_CAPTURE_AUTORELEASING = YES;
				CLANG_WARN_BOOL_CONVERSION = YES;
				CLANG_WARN_COMMA = YES;
				CLANG_WARN_CONSTANT_CONVERSION = YES;
				CLANG_WARN_DEPRECATED_OBJC_IMPLEMENTATIONS = YES;
				CLANG_WARN_DIRECT_OBJC_ISA_USAGE = YES_ERROR;
				CLANG_WARN_DOCUMENTATION_COMMENTS = YES;
				CLANG_WARN_EMPTY_BODY = YES;
				CLANG_WARN_ENUM_CONVERSION = YES;
				CLANG_WARN_INFINITE_RECURSION = YES;
				CLANG_WARN_INT_CONVERSION = YES;
				CLANG_WARN_NON_LITERAL_NULL_CONVERSION = YES;
				CLANG_WARN_OBJC_IMPLICIT_RETAIN_SELF = YES;
				CLANG_WARN_OBJC_LITERAL_CONVERSION = YES;
				CLANG_WARN_OBJC_ROOT_CLASS = YES_ERROR;
				CLANG_WARN_QUOTED_INCLUDE_IN_FRAMEWORK_HEADER = YES;
				CLANG_WARN_RANGE_LOOP_ANALYSIS = YES;
				CLANG_WARN_STRICT_PROTOTYPES = YES;
				CLANG_WARN_SUSPICIOUS_MOVE = YES;
				CLANG_WARN_UNGUARDED_AVAILABILITY = YES_AGGRESSIVE;
				CLANG_WARN_UNREACHABLE_CODE = YES;
				CLANG_WARN__DUPLICATE_METHOD_MATCH = YES;
				COPY_PHASE_STRIP = NO;
				DEBUG_INFORMATION_FORMAT = "dwarf-with-dsym";
				ENABLE_NS_ASSERTIONS = NO;
				ENABLE_STRICT_OBJC_MSGSEND = YES;
				ENABLE_USER_SCRIPT_SANDBOXING = YES;
				GCC_C_LANGUAGE_STANDARD = gnu17;
				GCC_NO_COMMON_BLOCKS = YES;
				GCC_WARN_64_TO_32_BIT_CONVERSION = YES;
				GCC_WARN_ABOUT_RETURN_TYPE = YES_ERROR;
				GCC_WARN_UNDECLARED_SELECTOR = YES;
				GCC_WARN_UNINITIALIZED_AUTOS = YES_AGGRESSIVE;
				GCC_WARN_UNUSED_FUNCTION = YES;
				GCC_WARN_UNUSED_VARIABLE = YES;
				LOCALIZATION_PREFERS_STRING_CATALOGS = YES;
				MTL_ENABLE_DEBUG_INFO = NO;
				MTL_FAST_MATH = YES;
				SDKROOT = xros;
				SWIFT_COMPILATION_MODE = wholemodule;
				VALIDATE_PRODUCT = YES;
				XROS_DEPLOYMENT_TARGET = 2.2;
			};
			name = Release;
		};
		F3D6A6DD2D99F5BE000DADB3 /* Debug */ = {
			isa = XCBuildConfiguration;
			buildSettings = {
				BUNDLE_LOADER = "$(TEST_HOST)";
				CODE_SIGN_STYLE = Automatic;
				CURRENT_PROJECT_VERSION = 1;
				DEVELOPMENT_TEAM = J339788N6G;
				GENERATE_INFOPLIST_FILE = YES;
				MARKETING_VERSION = 1.0;
				PRODUCT_BUNDLE_IDENTIFIER = dima.eigentestTests;
				PRODUCT_NAME = "$(TARGET_NAME)";
				SUPPORTED_PLATFORMS = "xros xrsimulator";
				SWIFT_EMIT_LOC_STRINGS = NO;
				SWIFT_VERSION = 5.0;
				TARGETED_DEVICE_FAMILY = 7;
				TEST_HOST = "$(BUILT_PRODUCTS_DIR)/eigentest.app/$(BUNDLE_EXECUTABLE_FOLDER_PATH)/eigentest";
				XROS_DEPLOYMENT_TARGET = 2.2;
			};
			name = Debug;
		};
		F3D6A6DE2D99F5BE000DADB3 /* Release */ = {
			isa = XCBuildConfiguration;
			buildSettings = {
				BUNDLE_LOADER = "$(TEST_HOST)";
				CODE_SIGN_STYLE = Automatic;
				CURRENT_PROJECT_VERSION = 1;
				DEVELOPMENT_TEAM = J339788N6G;
				GENERATE_INFOPLIST_FILE = YES;
				MARKETING_VERSION = 1.0;
				PRODUCT_BUNDLE_IDENTIFIER = dima.eigentestTests;
				PRODUCT_NAME = "$(TARGET_NAME)";
				SUPPORTED_PLATFORMS = "xros xrsimulator";
				SWIFT_EMIT_LOC_STRINGS = NO;
				SWIFT_VERSION = 5.0;
				TARGETED_DEVICE_FAMILY = 7;
				TEST_HOST = "$(BUILT_PRODUCTS_DIR)/eigentest.app/$(BUNDLE_EXECUTABLE_FOLDER_PATH)/eigentest";
				XROS_DEPLOYMENT_TARGET = 2.2;
			};
			name = Release;
		};
/* End XCBuildConfiguration section */

/* Begin XCConfigurationList section */
		F3D6A6B02D99F5BD000DADB3 /* Build configuration list for PBXProject "eigentest" */ = {
			isa = XCConfigurationList;
			buildConfigurations = (
				F3D6A6DA2D99F5BE000DADB3 /* Debug */,
				F3D6A6DB2D99F5BE000DADB3 /* Release */,
			);
			defaultConfigurationIsVisible = 0;
			defaultConfigurationName = Release;
		};
		F3D6A6D72D99F5BE000DADB3 /* Build configuration list for PBXNativeTarget "eigentest" */ = {
			isa = XCConfigurationList;
			buildConfigurations = (
				F3D6A6D82D99F5BE000DADB3 /* Debug */,
				F3D6A6D92D99F5BE000DADB3 /* Release */,
			);
			defaultConfigurationIsVisible = 0;
			defaultConfigurationName = Release;
		};
		F3D6A6DC2D99F5BE000DADB3 /* Build configuration list for PBXNativeTarget "eigentestTests" */ = {
			isa = XCConfigurationList;
			buildConfigurations = (
				F3D6A6DD2D99F5BE000DADB3 /* Debug */,
				F3D6A6DE2D99F5BE000DADB3 /* Release */,
			);
			defaultConfigurationIsVisible = 0;
			defaultConfigurationName = Release;
		};
/* End XCConfigurationList section */

/* Begin XCSwiftPackageProductDependency section */
		F3D6A6BA2D99F5BD000DADB3 /* RealityKitContent */ = {
			isa = XCSwiftPackageProductDependency;
			productName = RealityKitContent;
		};
/* End XCSwiftPackageProductDependency section */
	};
	rootObject = F3D6A6AD2D99F5BD000DADB3 /* Project object */;
}
